
Microsoft Visual Studio Solution File, Format Version 12.00
# Visual Studio Version 16
VisualStudioVersion = 16.0.31613.86
MinimumVisualStudioVersion = 10.0.40219.1
Project("{9A19103F-16F7-4668-BE54-9A1E7A4F7556}") = "Domain", "Domain\Domain.csproj", "{95741AA3-9D22-4D50-B579-4173765860E9}"
EndProject
Project("{9A19103F-16F7-4668-BE54-9A1E7A4F7556}") = "Infrastructure", "Infrastructure\Infrastructure.csproj", "{D600DEDE-01EA-4AD6-89D3-1A3BE55680FB}"
EndProject
Project("{9A19103F-16F7-4668-BE54-9A1E7A4F7556}") = "Cloud_databases_assignment", "Cloud_databases_assignment\Cloud_databases_assignment.csproj", "{5D478385-F4E1-42F0-AA43-52E295C036FA}"
EndProject
Project("{9A19103F-16F7-4668-BE54-9A1E7A4F7556}") = "DAL", "DAL\DAL.csproj", "{DFB8CADD-0820-44F8-B4B2-5716273831EC}"
EndProject
Global
	GlobalSection(SolutionConfigurationPlatforms) = preSolution
		Debug|Any CPU = Debug|Any CPU
		Release|Any CPU = Release|Any CPU
	EndGlobalSection
	GlobalSection(ProjectConfigurationPlatforms) = postSolution
		{95741AA3-9D22-4D50-B579-4173765860E9}.Debug|Any CPU.ActiveCfg = Debug|Any CPU
		{95741AA3-9D22-4D50-B579-4173765860E9}.Debug|Any CPU.Build.0 = Debug|Any CPU
		{95741AA3-9D22-4D50-B579-4173765860E9}.Release|Any CPU.ActiveCfg = Release|Any CPU
		{95741AA3-9D22-4D50-B579-4173765860E9}.Release|Any CPU.Build.0 = Release|Any CPU
		{D600DEDE-01EA-4AD6-89D3-1A3BE55680FB}.Debug|Any CPU.ActiveCfg = Debug|Any CPU
		{D600DEDE-01EA-4AD6-89D3-1A3BE55680FB}.Debug|Any CPU.Build.0 = Debug|Any CPU
		{D600DEDE-01EA-4AD6-89D3-1A3BE55680FB}.Release|Any CPU.ActiveCfg = Release|Any CPU
		{D600DEDE-01EA-4AD6-89D3-1A3BE55680FB}.Release|Any CPU.Build.0 = Release|Any CPU
		{5D478385-F4E1-42F0-AA43-52E295C036FA}.Debug|Any CPU.ActiveCfg = Debug|Any CPU
		{5D478385-F4E1-42F0-AA43-52E295C036FA}.Debug|Any CPU.Build.0 = Debug|Any CPU
		{5D478385-F4E1-42F0-AA43-52E295C036FA}.Release|Any CPU.ActiveCfg = Release|Any CPU
		{5D478385-F4E1-42F0-AA43-52E295C036FA}.Release|Any CPU.Build.0 = Release|Any CPU
		{DFB8CADD-0820-44F8-B4B2-5716273831EC}.Debug|Any CPU.ActiveCfg = Debug|Any CPU
		{DFB8CADD-0820-44F8-B4B2-5716273831EC}.Debug|Any CPU.Build.0 = Debug|Any CPU
		{DFB8CADD-0820-44F8-B4B2-5716273831EC}.Release|Any CPU.ActiveCfg = Release|Any CPU
		{DFB8CADD-0820-44F8-B4B2-5716273831EC}.Release|Any CPU.Build.0 = Release|Any CPU
	EndGlobalSection
	GlobalSection(SolutionProperties) = preSolution
		HideSolutionNode = FALSE
	EndGlobalSection
	GlobalSection(ExtensibilityGlobals) = postSolution
		SolutionGuid = {F85E14C3-3C2D-47BC-B8C3-E0124AEFC486}
	EndGlobalSection
EndGlobal
