
Microsoft Visual Studio Solution File, Format Version 12.00
# Visual Studio Version 16
VisualStudioVersion = 16.0.31624.102
MinimumVisualStudioVersion = 10.0.40219.1
Project("{FAE04EC0-301F-11D3-BF4B-00C04F79EFBC}") = "Domain", "Domain\Domain.csproj", "{ECA021C6-8C2E-4D5B-867A-111A1B8A4742}"
EndProject
Project("{FAE04EC0-301F-11D3-BF4B-00C04F79EFBC}") = "Infrastructure", "Infrastructure\Infrastructure.csproj", "{FE0A9141-7F16-4944-ACC2-7C03B261B3F6}"
EndProject
Project("{FAE04EC0-301F-11D3-BF4B-00C04F79EFBC}") = "Cloud-databases-assignment", "Cloud-databases-assignment\Cloud-databases-assignment.csproj", "{62808F34-B962-4643-8832-2401AB1C465F}"
EndProject
Global
	GlobalSection(SolutionConfigurationPlatforms) = preSolution
		Debug|Any CPU = Debug|Any CPU
		Release|Any CPU = Release|Any CPU
	EndGlobalSection
	GlobalSection(ProjectConfigurationPlatforms) = postSolution
		{ECA021C6-8C2E-4D5B-867A-111A1B8A4742}.Debug|Any CPU.ActiveCfg = Debug|Any CPU
		{ECA021C6-8C2E-4D5B-867A-111A1B8A4742}.Debug|Any CPU.Build.0 = Debug|Any CPU
		{ECA021C6-8C2E-4D5B-867A-111A1B8A4742}.Release|Any CPU.ActiveCfg = Release|Any CPU
		{ECA021C6-8C2E-4D5B-867A-111A1B8A4742}.Release|Any CPU.Build.0 = Release|Any CPU
		{FE0A9141-7F16-4944-ACC2-7C03B261B3F6}.Debug|Any CPU.ActiveCfg = Debug|Any CPU
		{FE0A9141-7F16-4944-ACC2-7C03B261B3F6}.Debug|Any CPU.Build.0 = Debug|Any CPU
		{FE0A9141-7F16-4944-ACC2-7C03B261B3F6}.Release|Any CPU.ActiveCfg = Release|Any CPU
		{FE0A9141-7F16-4944-ACC2-7C03B261B3F6}.Release|Any CPU.Build.0 = Release|Any CPU
		{62808F34-B962-4643-8832-2401AB1C465F}.Debug|Any CPU.ActiveCfg = Debug|Any CPU
		{62808F34-B962-4643-8832-2401AB1C465F}.Debug|Any CPU.Build.0 = Debug|Any CPU
		{62808F34-B962-4643-8832-2401AB1C465F}.Release|Any CPU.ActiveCfg = Release|Any CPU
		{62808F34-B962-4643-8832-2401AB1C465F}.Release|Any CPU.Build.0 = Release|Any CPU
	EndGlobalSection
	GlobalSection(SolutionProperties) = preSolution
		HideSolutionNode = FALSE
	EndGlobalSection
	GlobalSection(ExtensibilityGlobals) = postSolution
		SolutionGuid = {4BDAAE7D-332E-4528-AEEE-A557B162708E}
	EndGlobalSection
EndGlobal
